
Microsoft Visual Studio Solution File, Format Version 12.00
# Visual Studio Version 17
VisualStudioVersion = 17.6.33829.357
MinimumVisualStudioVersion = 10.0.40219.1
Project("{FAE04EC0-301F-11D3-BF4B-00C04F79EFBC}") = "Quiz", "Quiz\Quiz.csproj", "{719B4641-4A69-4C49-9482-2A47BB653957}"
EndProject
Global
	GlobalSection(SolutionConfigurationPlatforms) = preSolution
		Debug|Any CPU = Debug|Any CPU
		Release|Any CPU = Release|Any CPU
	EndGlobalSection
	GlobalSection(ProjectConfigurationPlatforms) = postSolution
		{719B4641-4A69-4C49-9482-2A47BB653957}.Debug|Any CPU.ActiveCfg = Debug|Any CPU
		{719B4641-4A69-4C49-9482-2A47BB653957}.Debug|Any CPU.Build.0 = Debug|Any CPU
		{719B4641-4A69-4C49-9482-2A47BB653957}.Release|Any CPU.ActiveCfg = Release|Any CPU
		{719B4641-4A69-4C49-9482-2A47BB653957}.Release|Any CPU.Build.0 = Release|Any CPU
	EndGlobalSection
	GlobalSection(SolutionProperties) = preSolution
		HideSolutionNode = FALSE
	EndGlobalSection
	GlobalSection(ExtensibilityGlobals) = postSolution
		SolutionGuid = {3DB7598E-0F47-4375-9562-E0972896B5F7}
	EndGlobalSection
EndGlobal
